
Microsoft Visual Studio Solution File, Format Version 12.00
# Visual Studio Version 17
VisualStudioVersion = 17.4.33213.308
MinimumVisualStudioVersion = 10.0.40219.1
Project("{FAE04EC0-301F-11D3-BF4B-00C04F79EFBC}") = "ShopProject", "ShopProject\ShopProject.csproj", "{50D04349-E752-4563-BE8C-FA75F994835D}"
EndProject
Global
	GlobalSection(SolutionConfigurationPlatforms) = preSolution
		Debug|Any CPU = Debug|Any CPU
		Release|Any CPU = Release|Any CPU
	EndGlobalSection
	GlobalSection(ProjectConfigurationPlatforms) = postSolution
		{50D04349-E752-4563-BE8C-FA75F994835D}.Debug|Any CPU.ActiveCfg = Debug|Any CPU
		{50D04349-E752-4563-BE8C-FA75F994835D}.Debug|Any CPU.Build.0 = Debug|Any CPU
		{50D04349-E752-4563-BE8C-FA75F994835D}.Release|Any CPU.ActiveCfg = Release|Any CPU
		{50D04349-E752-4563-BE8C-FA75F994835D}.Release|Any CPU.Build.0 = Release|Any CPU
	EndGlobalSection
	GlobalSection(SolutionProperties) = preSolution
		HideSolutionNode = FALSE
	EndGlobalSection
	GlobalSection(ExtensibilityGlobals) = postSolution
		SolutionGuid = {AD5668AA-8D97-4EBF-B97D-6DBA407BAB80}
	EndGlobalSection
EndGlobal
